
Microsoft Visual Studio Solution File, Format Version 12.00
# Visual Studio 15
VisualStudioVersion = 15.0.28010.2050
MinimumVisualStudioVersion = 10.0.40219.1
Project("{B1E792BE-AA5F-4E3C-8C82-674BF9C0715B}") = "TwinCAT Projekt1", "TwinCAT Projekt1\TwinCAT Projekt1.tsproj", "{62129194-CB59-4B8B-B097-2D5C5EF6D2CE}"
EndProject
Project("{FD9F1D59-E000-42F3-8744-88DE1BE93C06}") = "TwinCAT Measurement Project1", "TwinCAT Measurement Project1\TwinCAT Measurement Project1.tcmproj", "{C21A23BE-A9BD-4440-994D-DF169D33F8A7}"
EndProject
Project("{23D6B0B7-CBAA-4070-A2AF-F2FCE2506A3D}") = "TwinCAT Drive Manager 2 Project3", "TwinCAT Drive Manager 2 Project3\TwinCAT Drive Manager 2 Project3.tcdmproj", "{32CE43B4-7EE3-4444-B520-9251A24C0C06}"
EndProject
Global
	GlobalSection(SolutionConfigurationPlatforms) = preSolution
		Debug|TwinCAT CE7 (ARMV7) = Debug|TwinCAT CE7 (ARMV7)
		Debug|TwinCAT OS (ARMT2) = Debug|TwinCAT OS (ARMT2)
		Debug|TwinCAT RT (x64) = Debug|TwinCAT RT (x64)
		Debug|TwinCAT RT (x86) = Debug|TwinCAT RT (x86)
		Release|TwinCAT CE7 (ARMV7) = Release|TwinCAT CE7 (ARMV7)
		Release|TwinCAT OS (ARMT2) = Release|TwinCAT OS (ARMT2)
		Release|TwinCAT RT (x64) = Release|TwinCAT RT (x64)
		Release|TwinCAT RT (x86) = Release|TwinCAT RT (x86)
	EndGlobalSection
	GlobalSection(ProjectConfigurationPlatforms) = postSolution
		{62129194-CB59-4B8B-B097-2D5C5EF6D2CE}.Debug|TwinCAT CE7 (ARMV7).ActiveCfg = Debug|TwinCAT CE7 (ARMV7)
		{62129194-CB59-4B8B-B097-2D5C5EF6D2CE}.Debug|TwinCAT CE7 (ARMV7).Build.0 = Debug|TwinCAT CE7 (ARMV7)
		{62129194-CB59-4B8B-B097-2D5C5EF6D2CE}.Debug|TwinCAT OS (ARMT2).ActiveCfg = Debug|TwinCAT OS (ARMT2)
		{62129194-CB59-4B8B-B097-2D5C5EF6D2CE}.Debug|TwinCAT OS (ARMT2).Build.0 = Debug|TwinCAT OS (ARMT2)
		{62129194-CB59-4B8B-B097-2D5C5EF6D2CE}.Debug|TwinCAT RT (x64).ActiveCfg = Debug|TwinCAT RT (x64)
		{62129194-CB59-4B8B-B097-2D5C5EF6D2CE}.Debug|TwinCAT RT (x64).Build.0 = Debug|TwinCAT RT (x64)
		{62129194-CB59-4B8B-B097-2D5C5EF6D2CE}.Debug|TwinCAT RT (x86).ActiveCfg = Debug|TwinCAT RT (x86)
		{62129194-CB59-4B8B-B097-2D5C5EF6D2CE}.Debug|TwinCAT RT (x86).Build.0 = Debug|TwinCAT RT (x86)
		{62129194-CB59-4B8B-B097-2D5C5EF6D2CE}.Release|TwinCAT CE7 (ARMV7).ActiveCfg = Release|TwinCAT CE7 (ARMV7)
		{62129194-CB59-4B8B-B097-2D5C5EF6D2CE}.Release|TwinCAT CE7 (ARMV7).Build.0 = Release|TwinCAT CE7 (ARMV7)
		{62129194-CB59-4B8B-B097-2D5C5EF6D2CE}.Release|TwinCAT OS (ARMT2).ActiveCfg = Release|TwinCAT OS (ARMT2)
		{62129194-CB59-4B8B-B097-2D5C5EF6D2CE}.Release|TwinCAT OS (ARMT2).Build.0 = Release|TwinCAT OS (ARMT2)
		{62129194-CB59-4B8B-B097-2D5C5EF6D2CE}.Release|TwinCAT RT (x64).ActiveCfg = Release|TwinCAT RT (x64)
		{62129194-CB59-4B8B-B097-2D5C5EF6D2CE}.Release|TwinCAT RT (x64).Build.0 = Release|TwinCAT RT (x64)
		{62129194-CB59-4B8B-B097-2D5C5EF6D2CE}.Release|TwinCAT RT (x86).ActiveCfg = Release|TwinCAT RT (x86)
		{62129194-CB59-4B8B-B097-2D5C5EF6D2CE}.Release|TwinCAT RT (x86).Build.0 = Release|TwinCAT RT (x86)
		{C21A23BE-A9BD-4440-994D-DF169D33F8A7}.Debug|TwinCAT CE7 (ARMV7).ActiveCfg = Debug|TwinCAT CE7 (ARMV7)
		{C21A23BE-A9BD-4440-994D-DF169D33F8A7}.Debug|TwinCAT OS (ARMT2).ActiveCfg = Debug|TwinCAT OS (ARMT2)
		{C21A23BE-A9BD-4440-994D-DF169D33F8A7}.Debug|TwinCAT RT (x64).ActiveCfg = Debug|TwinCAT RT (x64)
		{C21A23BE-A9BD-4440-994D-DF169D33F8A7}.Debug|TwinCAT RT (x86).ActiveCfg = Debug|TwinCAT RT (x86)
		{C21A23BE-A9BD-4440-994D-DF169D33F8A7}.Release|TwinCAT CE7 (ARMV7).ActiveCfg = Release|TwinCAT CE7 (ARMV7)
		{C21A23BE-A9BD-4440-994D-DF169D33F8A7}.Release|TwinCAT OS (ARMT2).ActiveCfg = Release|TwinCAT OS (ARMT2)
		{C21A23BE-A9BD-4440-994D-DF169D33F8A7}.Release|TwinCAT RT (x64).ActiveCfg = Release|TwinCAT RT (x64)
		{C21A23BE-A9BD-4440-994D-DF169D33F8A7}.Release|TwinCAT RT (x86).ActiveCfg = Release|TwinCAT RT (x86)
		{632CA463-43D6-443C-93F6-AC40CF55D000}.Debug|TwinCAT CE7 (ARMV7).ActiveCfg = Debug|TwinCAT CE7 (ARMV7)
		{632CA463-43D6-443C-93F6-AC40CF55D000}.Debug|TwinCAT CE7 (ARMV7).Build.0 = Debug|TwinCAT CE7 (ARMV7)
		{632CA463-43D6-443C-93F6-AC40CF55D000}.Debug|TwinCAT OS (ARMT2).ActiveCfg = Debug|TwinCAT OS (ARMT2)
		{632CA463-43D6-443C-93F6-AC40CF55D000}.Debug|TwinCAT OS (ARMT2).Build.0 = Debug|TwinCAT OS (ARMT2)
		{632CA463-43D6-443C-93F6-AC40CF55D000}.Debug|TwinCAT RT (x64).ActiveCfg = Debug|TwinCAT RT (x64)
		{632CA463-43D6-443C-93F6-AC40CF55D000}.Debug|TwinCAT RT (x64).Build.0 = Debug|TwinCAT RT (x64)
		{632CA463-43D6-443C-93F6-AC40CF55D000}.Debug|TwinCAT RT (x86).ActiveCfg = Debug|TwinCAT RT (x86)
		{632CA463-43D6-443C-93F6-AC40CF55D000}.Debug|TwinCAT RT (x86).Build.0 = Debug|TwinCAT RT (x86)
		{632CA463-43D6-443C-93F6-AC40CF55D000}.Release|TwinCAT CE7 (ARMV7).ActiveCfg = Release|TwinCAT CE7 (ARMV7)
		{632CA463-43D6-443C-93F6-AC40CF55D000}.Release|TwinCAT CE7 (ARMV7).Build.0 = Release|TwinCAT CE7 (ARMV7)
		{632CA463-43D6-443C-93F6-AC40CF55D000}.Release|TwinCAT OS (ARMT2).ActiveCfg = Release|TwinCAT OS (ARMT2)
		{632CA463-43D6-443C-93F6-AC40CF55D000}.Release|TwinCAT OS (ARMT2).Build.0 = Release|TwinCAT OS (ARMT2)
		{632CA463-43D6-443C-93F6-AC40CF55D000}.Release|TwinCAT RT (x64).ActiveCfg = Release|TwinCAT RT (x64)
		{632CA463-43D6-443C-93F6-AC40CF55D000}.Release|TwinCAT RT (x64).Build.0 = Release|TwinCAT RT (x64)
		{632CA463-43D6-443C-93F6-AC40CF55D000}.Release|TwinCAT RT (x86).ActiveCfg = Release|TwinCAT RT (x86)
		{632CA463-43D6-443C-93F6-AC40CF55D000}.Release|TwinCAT RT (x86).Build.0 = Release|TwinCAT RT (x86)
		{3BBB2D7B-3938-4A09-9E70-5D45B85BFECA}.Debug|TwinCAT CE7 (ARMV7).ActiveCfg = Debug|TwinCAT CE7 (ARMV7)
		{3BBB2D7B-3938-4A09-9E70-5D45B85BFECA}.Debug|TwinCAT CE7 (ARMV7).Build.0 = Debug|TwinCAT CE7 (ARMV7)
		{3BBB2D7B-3938-4A09-9E70-5D45B85BFECA}.Debug|TwinCAT OS (ARMT2).ActiveCfg = Debug|TwinCAT OS (ARMT2)
		{3BBB2D7B-3938-4A09-9E70-5D45B85BFECA}.Debug|TwinCAT OS (ARMT2).Build.0 = Debug|TwinCAT OS (ARMT2)
		{3BBB2D7B-3938-4A09-9E70-5D45B85BFECA}.Debug|TwinCAT RT (x64).ActiveCfg = Debug|TwinCAT RT (x64)
		{3BBB2D7B-3938-4A09-9E70-5D45B85BFECA}.Debug|TwinCAT RT (x64).Build.0 = Debug|TwinCAT RT (x64)
		{3BBB2D7B-3938-4A09-9E70-5D45B85BFECA}.Debug|TwinCAT RT (x86).ActiveCfg = Debug|TwinCAT RT (x86)
		{3BBB2D7B-3938-4A09-9E70-5D45B85BFECA}.Debug|TwinCAT RT (x86).Build.0 = Debug|TwinCAT RT (x86)
		{3BBB2D7B-3938-4A09-9E70-5D45B85BFECA}.Release|TwinCAT CE7 (ARMV7).ActiveCfg = Release|TwinCAT CE7 (ARMV7)
		{3BBB2D7B-3938-4A09-9E70-5D45B85BFECA}.Release|TwinCAT CE7 (ARMV7).Build.0 = Release|TwinCAT CE7 (ARMV7)
		{3BBB2D7B-3938-4A09-9E70-5D45B85BFECA}.Release|TwinCAT OS (ARMT2).ActiveCfg = Release|TwinCAT OS (ARMT2)
		{3BBB2D7B-3938-4A09-9E70-5D45B85BFECA}.Release|TwinCAT OS (ARMT2).Build.0 = Release|TwinCAT OS (ARMT2)
		{3BBB2D7B-3938-4A09-9E70-5D45B85BFECA}.Release|TwinCAT RT (x64).ActiveCfg = Release|TwinCAT RT (x64)
		{3BBB2D7B-3938-4A09-9E70-5D45B85BFECA}.Release|TwinCAT RT (x64).Build.0 = Release|TwinCAT RT (x64)
		{3BBB2D7B-3938-4A09-9E70-5D45B85BFECA}.Release|TwinCAT RT (x86).ActiveCfg = Release|TwinCAT RT (x86)
		{3BBB2D7B-3938-4A09-9E70-5D45B85BFECA}.Release|TwinCAT RT (x86).Build.0 = Release|TwinCAT RT (x86)
		{0BAE81DA-7D82-459B-BE0C-E534EF85D9D8}.Debug|TwinCAT CE7 (ARMV7).ActiveCfg = Debug|TwinCAT CE7 (ARMV7)
		{0BAE81DA-7D82-459B-BE0C-E534EF85D9D8}.Debug|TwinCAT CE7 (ARMV7).Build.0 = Debug|TwinCAT CE7 (ARMV7)
		{0BAE81DA-7D82-459B-BE0C-E534EF85D9D8}.Debug|TwinCAT OS (ARMT2).ActiveCfg = Debug|TwinCAT OS (ARMT2)
		{0BAE81DA-7D82-459B-BE0C-E534EF85D9D8}.Debug|TwinCAT OS (ARMT2).Build.0 = Debug|TwinCAT OS (ARMT2)
		{0BAE81DA-7D82-459B-BE0C-E534EF85D9D8}.Debug|TwinCAT RT (x64).ActiveCfg = Debug|TwinCAT RT (x64)
		{0BAE81DA-7D82-459B-BE0C-E534EF85D9D8}.Debug|TwinCAT RT (x64).Build.0 = Debug|TwinCAT RT (x64)
		{0BAE81DA-7D82-459B-BE0C-E534EF85D9D8}.Debug|TwinCAT RT (x86).ActiveCfg = Debug|TwinCAT RT (x86)
		{0BAE81DA-7D82-459B-BE0C-E534EF85D9D8}.Debug|TwinCAT RT (x86).Build.0 = Debug|TwinCAT RT (x86)
		{0BAE81DA-7D82-459B-BE0C-E534EF85D9D8}.Release|TwinCAT CE7 (ARMV7).ActiveCfg = Release|TwinCAT CE7 (ARMV7)
		{0BAE81DA-7D82-459B-BE0C-E534EF85D9D8}.Release|TwinCAT CE7 (ARMV7).Build.0 = Release|TwinCAT CE7 (ARMV7)
		{0BAE81DA-7D82-459B-BE0C-E534EF85D9D8}.Release|TwinCAT OS (ARMT2).ActiveCfg = Release|TwinCAT OS (ARMT2)
		{0BAE81DA-7D82-459B-BE0C-E534EF85D9D8}.Release|TwinCAT OS (ARMT2).Build.0 = Release|TwinCAT OS (ARMT2)
		{0BAE81DA-7D82-459B-BE0C-E534EF85D9D8}.Release|TwinCAT RT (x64).ActiveCfg = Release|TwinCAT RT (x64)
		{0BAE81DA-7D82-459B-BE0C-E534EF85D9D8}.Release|TwinCAT RT (x64).Build.0 = Release|TwinCAT RT (x64)
		{0BAE81DA-7D82-459B-BE0C-E534EF85D9D8}.Release|TwinCAT RT (x86).ActiveCfg = Release|TwinCAT RT (x86)
		{0BAE81DA-7D82-459B-BE0C-E534EF85D9D8}.Release|TwinCAT RT (x86).Build.0 = Release|TwinCAT RT (x86)
	EndGlobalSection
	GlobalSection(SolutionProperties) = preSolution
		HideSolutionNode = FALSE
	EndGlobalSection
	GlobalSection(ExtensibilityGlobals) = postSolution
		SolutionGuid = {263C652B-8B36-4D41-84CC-3CD64511CDE0}
	EndGlobalSection
EndGlobal
